{
    "_readme": [
        "This file locks the dependencies of your project to a known state",
        "Read more about it at https://getcomposer.org/doc/01-basic-usage.md#installing-dependencies",
        "This file is @generated automatically"
    ],
    "content-hash": "981a02805bafb609c8d611d6f1a82bb6",
    "packages": [
        {
            "name": "psr/container",
            "version": "2.0.2",
            "source": {
                "type": "git",
                "url": "https://github.com/php-fig/container.git",
                "reference": "c71ecc56dfe541dbd90c5360474fbc405f8d5963"
            },
            "dist": {
                "type": "zip",
                "url": "https://api.github.com/repos/php-fig/container/zipball/c71ecc56dfe541dbd90c5360474fbc405f8d5963",
                "reference": "c71ecc56dfe541dbd90c5360474fbc405f8d5963",
                "shasum": ""
            },
            "require": {
                "php": ">=7.4.0"
            },
            "type": "library",
            "extra": {
                "branch-alias": {
                    "dev-master": "2.0.x-dev"
                }
            },
            "autoload": {
                "psr-4": {
                    "Psr\\Container\\": "src/"
                }
            },
            "notification-url": "https://packagist.org/downloads/",
            "license": [
                "MIT"
            ],
            "authors": [
                {
                    "name": "PHP-FIG",
                    "homepage": "https://www.php-fig.org/"
                }
            ],
            "description": "Common Container Interface (PHP FIG PSR-11)",
            "homepage": "https://github.com/php-fig/container",
            "keywords": [
                "PSR-11",
                "container",
                "container-interface",
                "container-interop",
                "psr"
            ],
            "support": {
                "issues": "https://github.com/php-fig/container/issues",
                "source": "https://github.com/php-fig/container/tree/2.0.2"
            },
            "time": "2021-11-05T16:47:00+00:00"
        },
        {
            "name": "utopia-php/di",
            "version": "0.3.5",
            "source": {
                "type": "git",
                "url": "https://github.com/utopia-php/di.git",
                "reference": "053ebd097963190c5b279d66c5b530acb584d8c0"
            },
            "dist": {
                "type": "zip",
                "url": "https://api.github.com/repos/utopia-php/di/zipball/053ebd097963190c5b279d66c5b530acb584d8c0",
                "reference": "053ebd097963190c5b279d66c5b530acb584d8c0",
                "shasum": ""
            },
            "require": {
                "php": ">=8.2",
                "psr/container": "^2.0"
            },
            "require-dev": {
                "phpbench/phpbench": "^1.2",
                "swoole/ide-helper": "4.8.3"
            },
            "type": "library",
            "autoload": {
                "psr-4": {
                    "Utopia\\": "src/",
                    "Tests\\E2E\\": "tests/e2e"
                }
            },
            "notification-url": "https://packagist.org/downloads/",
            "license": [
                "MIT"
            ],
            "description": "A simple and lite library for managing dependency injections",
            "keywords": [
                "PSR-11",
                "container",
                "dependency-injection",
                "di",
                "php",
                "utopia"
            ],
            "support": {
                "issues": "https://github.com/utopia-php/di/issues",
                "source": "https://github.com/utopia-php/di/tree/0.3.5"
            },
            "time": "2026-06-26T10:48:18+00:00"
        },
        {
            "name": "utopia-php/validators",
            "version": "1.0.0",
            "source": {
                "type": "git",
                "url": "https://github.com/utopia-php/validators.git",
                "reference": "260da93fcb7a6e0e3c4a60f5c898c8ef25cd5795"
            },
            "dist": {
                "type": "zip",
                "url": "https://api.github.com/repos/utopia-php/validators/zipball/260da93fcb7a6e0e3c4a60f5c898c8ef25cd5795",
                "reference": "260da93fcb7a6e0e3c4a60f5c898c8ef25cd5795",
                "shasum": ""
            },
            "require": {
                "php": ">=8.5"
            },
            "type": "library",
            "autoload": {
                "psr-4": {
                    "Utopia\\": "src/"
                }
            },
            "notification-url": "https://packagist.org/downloads/",
            "license": [
                "MIT"
            ],
            "description": "A lightweight collection of reusable validators for Utopia projects",
            "keywords": [
                "php",
                "utopia",
                "validation",
                "validator"
            ],
            "support": {
                "issues": "https://github.com/utopia-php/validators/issues",
                "source": "https://github.com/utopia-php/validators/tree/1.0.0"
            },
            "time": "2026-08-31T15:22:58+00:00"
        }
    ],
    "packages-dev": [],
    "aliases": [],
    "minimum-stability": "stable",
    "stability-flags": {},
    "prefer-stable": false,
    "prefer-lowest": false,
    "platform": {
        "php": ">=8.5"
    },
    "platform-dev": {},
    "plugin-api-version": "2.9.0"
}
