{
    "_readme": [
        "This file locks the dependencies of your project to a known state",
        "Read more about it at https://getcomposer.org/doc/01-basic-usage.md#installing-dependencies",
        "This file is @generated automatically"
    ],
    "content-hash": "afdff6a172e6c44aee11f1562175f81a",
    "packages": [
        {
            "name": "appwrite/appwrite",
            "version": "1.1.2",
            "source": {
                "type": "git",
                "url": "https://github.com/appwrite/sdk-for-php.git",
                "reference": "98b327d3fd18a72f4582019916afd735a0e9e0e7"
            },
            "dist": {
                "type": "zip",
                "url": "https://api.github.com/repos/appwrite/sdk-for-php/zipball/98b327d3fd18a72f4582019916afd735a0e9e0e7",
                "reference": "98b327d3fd18a72f4582019916afd735a0e9e0e7",
                "shasum": ""
            },
            "require": {
                "ext-curl": "*",
                "ext-json": "*",
                "php": ">=7.1.0"
            },
            "require-dev": {
                "phpunit/phpunit": "3.7.35"
            },
            "type": "library",
            "autoload": {
                "psr-4": {
                    "Appwrite\\": "src/Appwrite"
                }
            },
            "notification-url": "https://packagist.org/downloads/",
            "license": [
                "BSD-3-Clause"
            ],
            "description": "Appwrite is an open-source backend as a service server that abstract and simplify complex and repetitive development tasks",
            "support": {
                "email": "team@localhost.test",
                "issues": "https://github.com/appwrite/sdk-for-php/issues",
                "source": "https://github.com/appwrite/sdk-for-php/tree/1.1.2",
                "url": "https://appwrite.io/support"
            },
            "time": "2020-08-15T18:24:32+00:00"
        }
    ],
    "packages-dev": [],
    "aliases": [],
    "minimum-stability": "stable",
    "stability-flags": [],
    "prefer-stable": false,
    "prefer-lowest": false,
    "platform": {
        "php": ">=7.4.0",
        "ext-curl": "*",
        "ext-json": "*"
    },
    "platform-dev": [],
    "plugin-api-version": "2.0.0"
}
